
Microsoft Visual Studio Solution File, Format Version 12.00
# Visual Studio Version 16
VisualStudioVersion = 16.0.31624.102
MinimumVisualStudioVersion = 10.0.40219.1
Project("{8BC9CEB8-8B4A-11D0-8D11-00A0C91BC942}") = "HashTableUnitTests", "HashTaleUnitTests\HashTaleUnitTests.vcxproj", "{4B675592-3948-4DE6-9002-DF17D6C3257A}"
EndProject
Project("{8BC9CEB8-8B4A-11D0-8D11-00A0C91BC942}") = "HashTable", "HashTable\HashTable.vcxproj", "{942F64DA-DDAF-446E-8C48-5D20837E7EC7}"
EndProject
Global
	GlobalSection(SolutionConfigurationPlatforms) = preSolution
		Debug|x64 = Debug|x64
		Debug|x86 = Debug|x86
		Release|x64 = Release|x64
		Release|x86 = Release|x86
	EndGlobalSection
	GlobalSection(ProjectConfigurationPlatforms) = postSolution
		{4B675592-3948-4DE6-9002-DF17D6C3257A}.Debug|x64.ActiveCfg = Debug|x64
		{4B675592-3948-4DE6-9002-DF17D6C3257A}.Debug|x64.Build.0 = Debug|x64
		{4B675592-3948-4DE6-9002-DF17D6C3257A}.Debug|x86.ActiveCfg = Debug|Win32
		{4B675592-3948-4DE6-9002-DF17D6C3257A}.Debug|x86.Build.0 = Debug|Win32
		{4B675592-3948-4DE6-9002-DF17D6C3257A}.Release|x64.ActiveCfg = Release|x64
		{4B675592-3948-4DE6-9002-DF17D6C3257A}.Release|x64.Build.0 = Release|x64
		{4B675592-3948-4DE6-9002-DF17D6C3257A}.Release|x86.ActiveCfg = Release|Win32
		{4B675592-3948-4DE6-9002-DF17D6C3257A}.Release|x86.Build.0 = Release|Win32
		{942F64DA-DDAF-446E-8C48-5D20837E7EC7}.Debug|x64.ActiveCfg = Debug|x64
		{942F64DA-DDAF-446E-8C48-5D20837E7EC7}.Debug|x64.Build.0 = Debug|x64
		{942F64DA-DDAF-446E-8C48-5D20837E7EC7}.Debug|x86.ActiveCfg = Debug|Win32
		{942F64DA-DDAF-446E-8C48-5D20837E7EC7}.Debug|x86.Build.0 = Debug|Win32
		{942F64DA-DDAF-446E-8C48-5D20837E7EC7}.Release|x64.ActiveCfg = Release|x64
		{942F64DA-DDAF-446E-8C48-5D20837E7EC7}.Release|x64.Build.0 = Release|x64
		{942F64DA-DDAF-446E-8C48-5D20837E7EC7}.Release|x86.ActiveCfg = Release|Win32
		{942F64DA-DDAF-446E-8C48-5D20837E7EC7}.Release|x86.Build.0 = Release|Win32
	EndGlobalSection
	GlobalSection(SolutionProperties) = preSolution
		HideSolutionNode = FALSE
	EndGlobalSection
	GlobalSection(ExtensibilityGlobals) = postSolution
		SolutionGuid = {2FEC7A9D-C55B-4815-9EA7-CBAA24C9649B}
	EndGlobalSection
EndGlobal
